
Microsoft Visual Studio Solution File, Format Version 12.00
Project("{FAE04EC0-301F-11D3-BF4B-00C04F79EFBC}") = "Optinals", "Optinals\Optinals.csproj", "{E213315E-4647-4376-A984-52338B92FE03}"
EndProject
Project("{FAE04EC0-301F-11D3-BF4B-00C04F79EFBC}") = "Tester", "Tester\Tester.csproj", "{7C36DDC4-4B00-4C0A-8192-A06482265466}"
EndProject
Global
	GlobalSection(SolutionConfigurationPlatforms) = preSolution
		Debug|Any CPU = Debug|Any CPU
		Release|Any CPU = Release|Any CPU
	EndGlobalSection
	GlobalSection(ProjectConfigurationPlatforms) = postSolution
		{E213315E-4647-4376-A984-52338B92FE03}.Debug|Any CPU.ActiveCfg = Debug|Any CPU
		{E213315E-4647-4376-A984-52338B92FE03}.Debug|Any CPU.Build.0 = Debug|Any CPU
		{E213315E-4647-4376-A984-52338B92FE03}.Release|Any CPU.ActiveCfg = Release|Any CPU
		{E213315E-4647-4376-A984-52338B92FE03}.Release|Any CPU.Build.0 = Release|Any CPU
		{7C36DDC4-4B00-4C0A-8192-A06482265466}.Debug|Any CPU.ActiveCfg = Debug|Any CPU
		{7C36DDC4-4B00-4C0A-8192-A06482265466}.Debug|Any CPU.Build.0 = Debug|Any CPU
		{7C36DDC4-4B00-4C0A-8192-A06482265466}.Release|Any CPU.ActiveCfg = Release|Any CPU
		{7C36DDC4-4B00-4C0A-8192-A06482265466}.Release|Any CPU.Build.0 = Release|Any CPU
	EndGlobalSection
EndGlobal
